{
  "checksum": "90e2373671c2545cc611eaafe915097d67db9e0efea1c6db132118bbb54707b8",
  "crates": {
    "bytemuck 1.9.1": {
      "name": "bytemuck",
      "version": "1.9.1",
      "repository": {
        "Http": {
          "url": "https://crates.io/api/v1/crates/bytemuck/1.9.1/download",
          "sha256": "cdead85bdec19c194affaeeb670c0e41fe23de31459efd1c174d049269cf02cc"
        }
      },
      "targets": [
        {
          "Library": {
            "crate_name": "bytemuck",
            "crate_root": "src/lib.rs",
            "srcs": {
              "include": [
                "**/*.rs"
              ],
              "exclude": []
            }
          }
        }
      ],
      "library_target_name": "bytemuck",
      "common_attrs": {
        "compile_data_glob": [
          "**"
        ],
        "edition": "2018",
        "version": "1.9.1"
      },
      "license": "Zlib OR Apache-2.0 OR MIT"
    },
    "direct-cargo-bazel-deps 0.0.1": {
      "name": "direct-cargo-bazel-deps",
      "version": "0.0.1",
      "repository": null,
      "targets": [
        {
          "Library": {
            "crate_name": "direct_cargo_bazel_deps",
            "crate_root": ".direct_cargo_bazel_deps.rs",
            "srcs": {
              "include": [
                "**/*.rs"
              ],
              "exclude": []
            }
          }
        }
      ],
      "library_target_name": "direct_cargo_bazel_deps",
      "common_attrs": {
        "compile_data_glob": [
          "**"
        ],
        "deps": {
          "common": [
            {
              "id": "bytemuck 1.9.1",
              "target": "bytemuck"
            },
            {
              "id": "serde 1.0.137",
              "target": "serde"
            }
          ],
          "selects": {}
        },
        "edition": "2018",
        "version": "0.0.1"
      },
      "license": null
    },
    "proc-macro2 1.0.38": {
      "name": "proc-macro2",
      "version": "1.0.38",
      "repository": {
        "Http": {
          "url": "https://crates.io/api/v1/crates/proc-macro2/1.0.38/download",
          "sha256": "9027b48e9d4c9175fa2218adf3557f91c1137021739951d4932f5f8268ac48aa"
        }
      },
      "targets": [
        {
          "Library": {
            "crate_name": "proc_macro2",
            "crate_root": "src/lib.rs",
            "srcs": {
              "include": [
                "**/*.rs"
              ],
              "exclude": []
            }
          }
        },
        {
          "BuildScript": {
            "crate_name": "build_script_build",
            "crate_root": "build.rs",
            "srcs": {
              "include": [
                "**/*.rs"
              ],
              "exclude": []
            }
          }
        }
      ],
      "library_target_name": "proc_macro2",
      "common_attrs": {
        "compile_data_glob": [
          "**"
        ],
        "crate_features": [
          "default",
          "proc-macro"
        ],
        "deps": {
          "common": [
            {
              "id": "proc-macro2 1.0.38",
              "target": "build_script_build"
            },
            {
              "id": "unicode-xid 0.2.3",
              "target": "unicode_xid"
            }
          ],
          "selects": {}
        },
        "edition": "2018",
        "version": "1.0.38"
      },
      "build_script_attrs": {
        "data_glob": [
          "**"
        ]
      },
      "license": "MIT OR Apache-2.0"
    },
    "quote 1.0.18": {
      "name": "quote",
      "version": "1.0.18",
      "repository": {
        "Http": {
          "url": "https://crates.io/api/v1/crates/quote/1.0.18/download",
          "sha256": "a1feb54ed693b93a84e14094943b84b7c4eae204c512b7ccb95ab0c66d278ad1"
        }
      },
      "targets": [
        {
          "Library": {
            "crate_name": "quote",
            "crate_root": "src/lib.rs",
            "srcs": {
              "include": [
                "**/*.rs"
              ],
              "exclude": []
            }
          }
        }
      ],
      "library_target_name": "quote",
      "common_attrs": {
        "compile_data_glob": [
          "**"
        ],
        "crate_features": [
          "default",
          "proc-macro"
        ],
        "deps": {
          "common": [
            {
              "id": "proc-macro2 1.0.38",
              "target": "proc_macro2"
            }
          ],
          "selects": {}
        },
        "edition": "2018",
        "version": "1.0.18"
      },
      "license": "MIT OR Apache-2.0"
    },
    "serde 1.0.137": {
      "name": "serde",
      "version": "1.0.137",
      "repository": {
        "Http": {
          "url": "https://crates.io/api/v1/crates/serde/1.0.137/download",
          "sha256": "61ea8d54c77f8315140a05f4c7237403bf38b72704d031543aa1d16abbf517d1"
        }
      },
      "targets": [
        {
          "Library": {
            "crate_name": "serde",
            "crate_root": "src/lib.rs",
            "srcs": {
              "include": [
                "**/*.rs"
              ],
              "exclude": []
            }
          }
        },
        {
          "BuildScript": {
            "crate_name": "build_script_build",
            "crate_root": "build.rs",
            "srcs": {
              "include": [
                "**/*.rs"
              ],
              "exclude": []
            }
          }
        }
      ],
      "library_target_name": "serde",
      "common_attrs": {
        "compile_data_glob": [
          "**"
        ],
        "crate_features": [
          "alloc",
          "derive",
          "serde_derive"
        ],
        "deps": {
          "common": [
            {
              "id": "serde 1.0.137",
              "target": "build_script_build"
            }
          ],
          "selects": {}
        },
        "edition": "2015",
        "proc_macro_deps": {
          "common": [
            {
              "id": "serde_derive 1.0.137",
              "target": "serde_derive"
            }
          ],
          "selects": {}
        },
        "version": "1.0.137"
      },
      "build_script_attrs": {
        "data_glob": [
          "**"
        ]
      },
      "license": "MIT OR Apache-2.0"
    },
    "serde_derive 1.0.137": {
      "name": "serde_derive",
      "version": "1.0.137",
      "repository": {
        "Http": {
          "url": "https://crates.io/api/v1/crates/serde_derive/1.0.137/download",
          "sha256": "1f26faba0c3959972377d3b2d306ee9f71faee9714294e41bb777f83f88578be"
        }
      },
      "targets": [
        {
          "ProcMacro": {
            "crate_name": "serde_derive",
            "crate_root": "src/lib.rs",
            "srcs": {
              "include": [
                "**/*.rs"
              ],
              "exclude": []
            }
          }
        },
        {
          "BuildScript": {
            "crate_name": "build_script_build",
            "crate_root": "build.rs",
            "srcs": {
              "include": [
                "**/*.rs"
              ],
              "exclude": []
            }
          }
        }
      ],
      "library_target_name": "serde_derive",
      "common_attrs": {
        "compile_data_glob": [
          "**"
        ],
        "crate_features": [
          "default"
        ],
        "deps": {
          "common": [
            {
              "id": "proc-macro2 1.0.38",
              "target": "proc_macro2"
            },
            {
              "id": "quote 1.0.18",
              "target": "quote"
            },
            {
              "id": "serde_derive 1.0.137",
              "target": "build_script_build"
            },
            {
              "id": "syn 1.0.94",
              "target": "syn"
            }
          ],
          "selects": {}
        },
        "edition": "2015",
        "version": "1.0.137"
      },
      "build_script_attrs": {
        "data_glob": [
          "**"
        ]
      },
      "license": "MIT OR Apache-2.0"
    },
    "syn 1.0.94": {
      "name": "syn",
      "version": "1.0.94",
      "repository": {
        "Http": {
          "url": "https://crates.io/api/v1/crates/syn/1.0.94/download",
          "sha256": "a07e33e919ebcd69113d5be0e4d70c5707004ff45188910106854f38b960df4a"
        }
      },
      "targets": [
        {
          "Library": {
            "crate_name": "syn",
            "crate_root": "src/lib.rs",
            "srcs": {
              "include": [
                "**/*.rs"
              ],
              "exclude": []
            }
          }
        },
        {
          "BuildScript": {
            "crate_name": "build_script_build",
            "crate_root": "build.rs",
            "srcs": {
              "include": [
                "**/*.rs"
              ],
              "exclude": []
            }
          }
        }
      ],
      "library_target_name": "syn",
      "common_attrs": {
        "compile_data_glob": [
          "**"
        ],
        "crate_features": [
          "clone-impls",
          "default",
          "derive",
          "parsing",
          "printing",
          "proc-macro",
          "quote"
        ],
        "deps": {
          "common": [
            {
              "id": "proc-macro2 1.0.38",
              "target": "proc_macro2"
            },
            {
              "id": "quote 1.0.18",
              "target": "quote"
            },
            {
              "id": "syn 1.0.94",
              "target": "build_script_build"
            },
            {
              "id": "unicode-xid 0.2.3",
              "target": "unicode_xid"
            }
          ],
          "selects": {}
        },
        "edition": "2018",
        "version": "1.0.94"
      },
      "build_script_attrs": {
        "data_glob": [
          "**"
        ]
      },
      "license": "MIT OR Apache-2.0"
    },
    "unicode-xid 0.2.3": {
      "name": "unicode-xid",
      "version": "0.2.3",
      "repository": {
        "Http": {
          "url": "https://crates.io/api/v1/crates/unicode-xid/0.2.3/download",
          "sha256": "957e51f3646910546462e67d5f7599b9e4fb8acdd304b087a6494730f9eebf04"
        }
      },
      "targets": [
        {
          "Library": {
            "crate_name": "unicode_xid",
            "crate_root": "src/lib.rs",
            "srcs": {
              "include": [
                "**/*.rs"
              ],
              "exclude": []
            }
          }
        }
      ],
      "library_target_name": "unicode_xid",
      "common_attrs": {
        "compile_data_glob": [
          "**"
        ],
        "crate_features": [
          "default"
        ],
        "edition": "2015",
        "version": "0.2.3"
      },
      "license": "MIT OR Apache-2.0"
    }
  },
  "binary_crates": [],
  "workspace_members": {
    "direct-cargo-bazel-deps 0.0.1": ""
  },
  "conditions": {}
}
