{
  "checksum": "0f3005c92ede486d2e7cca1e4aca678feb3f76f421a5a1434c82cf090db54a6f",
  "crates": {
    "anyhow 1.0.58": {
      "name": "anyhow",
      "version": "1.0.58",
      "repository": {
        "Http": {
          "url": "https://crates.io/api/v1/crates/anyhow/1.0.58/download",
          "sha256": "bb07d2053ccdbe10e2af2995a2f116c1330396493dc1269f6a91d0ae82e19704"
        }
      },
      "targets": [
        {
          "Library": {
            "crate_name": "anyhow",
            "crate_root": "src/lib.rs",
            "srcs": {
              "include": [
                "**/*.rs"
              ],
              "exclude": []
            }
          }
        },
        {
          "BuildScript": {
            "crate_name": "build_script_build",
            "crate_root": "build.rs",
            "srcs": {
              "include": [
                "**/*.rs"
              ],
              "exclude": []
            }
          }
        }
      ],
      "library_target_name": "anyhow",
      "common_attrs": {
        "compile_data_glob": [
          "**"
        ],
        "deps": {
          "common": [
            {
              "id": "anyhow 1.0.58",
              "target": "build_script_build"
            }
          ],
          "selects": {}
        },
        "edition": "2018",
        "version": "1.0.58"
      },
      "build_script_attrs": {
        "data_glob": [
          "**"
        ]
      },
      "license": "MIT OR Apache-2.0"
    },
    "array-init 2.0.1": {
      "name": "array-init",
      "version": "2.0.1",
      "repository": {
        "Http": {
          "url": "https://crates.io/api/v1/crates/array-init/2.0.1/download",
          "sha256": "bfb6d71005dc22a708c7496eee5c8dc0300ee47355de6256c3b35b12b5fef596"
        }
      },
      "targets": [
        {
          "Library": {
            "crate_name": "array_init",
            "crate_root": "src/lib.rs",
            "srcs": {
              "include": [
                "**/*.rs"
              ],
              "exclude": []
            }
          }
        }
      ],
      "library_target_name": "array_init",
      "common_attrs": {
        "compile_data_glob": [
          "**"
        ],
        "edition": "2018",
        "version": "2.0.1"
      },
      "license": "MIT OR Apache-2.0"
    },
    "block-buffer 0.10.2": {
      "name": "block-buffer",
      "version": "0.10.2",
      "repository": {
        "Http": {
          "url": "https://crates.io/api/v1/crates/block-buffer/0.10.2/download",
          "sha256": "0bf7fe51849ea569fd452f37822f606a5cabb684dc918707a0193fd4664ff324"
        }
      },
      "targets": [
        {
          "Library": {
            "crate_name": "block_buffer",
            "crate_root": "src/lib.rs",
            "srcs": {
              "include": [
                "**/*.rs"
              ],
              "exclude": []
            }
          }
        }
      ],
      "library_target_name": "block_buffer",
      "common_attrs": {
        "compile_data_glob": [
          "**"
        ],
        "deps": {
          "common": [
            {
              "id": "generic-array 0.14.5",
              "target": "generic_array"
            }
          ],
          "selects": {}
        },
        "edition": "2018",
        "version": "0.10.2"
      },
      "license": "MIT OR Apache-2.0"
    },
    "bytemuck 1.10.0": {
      "name": "bytemuck",
      "version": "1.10.0",
      "repository": {
        "Http": {
          "url": "https://crates.io/api/v1/crates/bytemuck/1.10.0/download",
          "sha256": "c53dfa917ec274df8ed3c572698f381a24eef2efba9492d797301b72b6db408a"
        }
      },
      "targets": [
        {
          "Library": {
            "crate_name": "bytemuck",
            "crate_root": "src/lib.rs",
            "srcs": {
              "include": [
                "**/*.rs"
              ],
              "exclude": []
            }
          }
        }
      ],
      "library_target_name": "bytemuck",
      "common_attrs": {
        "compile_data_glob": [
          "**"
        ],
        "crate_features": [
          "bytemuck_derive",
          "derive"
        ],
        "edition": "2018",
        "proc_macro_deps": {
          "common": [
            {
              "id": "bytemuck_derive 1.1.0",
              "target": "bytemuck_derive"
            }
          ],
          "selects": {}
        },
        "version": "1.10.0"
      },
      "license": "Zlib OR Apache-2.0 OR MIT"
    },
    "bytemuck_derive 1.1.0": {
      "name": "bytemuck_derive",
      "version": "1.1.0",
      "repository": {
        "Http": {
          "url": "https://crates.io/api/v1/crates/bytemuck_derive/1.1.0/download",
          "sha256": "562e382481975bc61d11275ac5e62a19abd00b0547d99516a415336f183dcd0e"
        }
      },
      "targets": [
        {
          "ProcMacro": {
            "crate_name": "bytemuck_derive",
            "crate_root": "src/lib.rs",
            "srcs": {
              "include": [
                "**/*.rs"
              ],
              "exclude": []
            }
          }
        }
      ],
      "library_target_name": "bytemuck_derive",
      "common_attrs": {
        "compile_data_glob": [
          "**"
        ],
        "deps": {
          "common": [
            {
              "id": "proc-macro2 1.0.40",
              "target": "proc_macro2"
            },
            {
              "id": "quote 1.0.20",
              "target": "quote"
            },
            {
              "id": "syn 1.0.98",
              "target": "syn"
            }
          ],
          "selects": {}
        },
        "edition": "2018",
        "version": "1.1.0"
      },
      "license": "Zlib OR Apache-2.0 OR MIT"
    },
    "cfg-if 1.0.0": {
      "name": "cfg-if",
      "version": "1.0.0",
      "repository": {
        "Http": {
          "url": "https://crates.io/api/v1/crates/cfg-if/1.0.0/download",
          "sha256": "baf1de4339761588bc0619e3cbc0120ee582ebb74b53b4efbf79117bd2da40fd"
        }
      },
      "targets": [
        {
          "Library": {
            "crate_name": "cfg_if",
            "crate_root": "src/lib.rs",
            "srcs": {
              "include": [
                "**/*.rs"
              ],
              "exclude": []
            }
          }
        }
      ],
      "library_target_name": "cfg_if",
      "common_attrs": {
        "compile_data_glob": [
          "**"
        ],
        "edition": "2018",
        "version": "1.0.0"
      },
      "license": "MIT/Apache-2.0"
    },
    "cpufeatures 0.2.2": {
      "name": "cpufeatures",
      "version": "0.2.2",
      "repository": {
        "Http": {
          "url": "https://crates.io/api/v1/crates/cpufeatures/0.2.2/download",
          "sha256": "59a6001667ab124aebae2a495118e11d30984c3a653e99d86d58971708cf5e4b"
        }
      },
      "targets": [
        {
          "Library": {
            "crate_name": "cpufeatures",
            "crate_root": "src/lib.rs",
            "srcs": {
              "include": [
                "**/*.rs"
              ],
              "exclude": []
            }
          }
        }
      ],
      "library_target_name": "cpufeatures",
      "common_attrs": {
        "compile_data_glob": [
          "**"
        ],
        "deps": {
          "common": [],
          "selects": {
            "aarch64-apple-darwin": [
              {
                "id": "libc 0.2.126",
                "target": "libc"
              }
            ],
            "aarch64-linux-android": [
              {
                "id": "libc 0.2.126",
                "target": "libc"
              }
            ],
            "cfg(all(target_arch = \"aarch64\", target_os = \"linux\"))": [
              {
                "id": "libc 0.2.126",
                "target": "libc"
              }
            ]
          }
        },
        "edition": "2018",
        "version": "0.2.2"
      },
      "license": "MIT OR Apache-2.0"
    },
    "crypto-common 0.1.4": {
      "name": "crypto-common",
      "version": "0.1.4",
      "repository": {
        "Http": {
          "url": "https://crates.io/api/v1/crates/crypto-common/0.1.4/download",
          "sha256": "5999502d32b9c48d492abe66392408144895020ec4709e549e840799f3bb74c0"
        }
      },
      "targets": [
        {
          "Library": {
            "crate_name": "crypto_common",
            "crate_root": "src/lib.rs",
            "srcs": {
              "include": [
                "**/*.rs"
              ],
              "exclude": []
            }
          }
        }
      ],
      "library_target_name": "crypto_common",
      "common_attrs": {
        "compile_data_glob": [
          "**"
        ],
        "deps": {
          "common": [
            {
              "id": "generic-array 0.14.5",
              "target": "generic_array"
            },
            {
              "id": "typenum 1.15.0",
              "target": "typenum"
            }
          ],
          "selects": {}
        },
        "edition": "2018",
        "version": "0.1.4"
      },
      "license": "MIT OR Apache-2.0"
    },
    "digest 0.10.3": {
      "name": "digest",
      "version": "0.10.3",
      "repository": {
        "Http": {
          "url": "https://crates.io/api/v1/crates/digest/0.10.3/download",
          "sha256": "f2fb860ca6fafa5552fb6d0e816a69c8e49f0908bf524e30a90d97c85892d506"
        }
      },
      "targets": [
        {
          "Library": {
            "crate_name": "digest",
            "crate_root": "src/lib.rs",
            "srcs": {
              "include": [
                "**/*.rs"
              ],
              "exclude": []
            }
          }
        }
      ],
      "library_target_name": "digest",
      "common_attrs": {
        "compile_data_glob": [
          "**"
        ],
        "crate_features": [
          "block-buffer",
          "core-api",
          "default"
        ],
        "deps": {
          "common": [
            {
              "id": "block-buffer 0.10.2",
              "target": "block_buffer"
            },
            {
              "id": "crypto-common 0.1.4",
              "target": "crypto_common"
            }
          ],
          "selects": {}
        },
        "edition": "2018",
        "version": "0.10.3"
      },
      "license": "MIT OR Apache-2.0"
    },
    "direct-cargo-bazel-deps 0.0.1": {
      "name": "direct-cargo-bazel-deps",
      "version": "0.0.1",
      "repository": null,
      "targets": [
        {
          "Library": {
            "crate_name": "direct_cargo_bazel_deps",
            "crate_root": ".direct_cargo_bazel_deps.rs",
            "srcs": {
              "include": [
                "**/*.rs"
              ],
              "exclude": []
            }
          }
        }
      ],
      "library_target_name": "direct_cargo_bazel_deps",
      "common_attrs": {
        "compile_data_glob": [
          "**"
        ],
        "deps": {
          "common": [
            {
              "id": "anyhow 1.0.58",
              "target": "anyhow"
            },
            {
              "id": "array-init 2.0.1",
              "target": "array_init"
            },
            {
              "id": "bytemuck 1.10.0",
              "target": "bytemuck"
            },
            {
              "id": "cfg-if 1.0.0",
              "target": "cfg_if"
            },
            {
              "id": "log 0.4.17",
              "target": "log"
            },
            {
              "id": "rand 0.8.5",
              "target": "rand"
            },
            {
              "id": "rand_core 0.6.3",
              "target": "rand_core"
            },
            {
              "id": "serde 1.0.138",
              "target": "serde"
            },
            {
              "id": "sha2 0.10.2",
              "target": "sha2"
            }
          ],
          "selects": {}
        },
        "edition": "2018",
        "proc_macro_deps": {
          "common": [
            {
              "id": "paste 1.0.7",
              "target": "paste"
            }
          ],
          "selects": {}
        },
        "version": "0.0.1"
      },
      "license": null
    },
    "generic-array 0.14.5": {
      "name": "generic-array",
      "version": "0.14.5",
      "repository": {
        "Http": {
          "url": "https://crates.io/api/v1/crates/generic-array/0.14.5/download",
          "sha256": "fd48d33ec7f05fbfa152300fdad764757cbded343c1aa1cff2fbaf4134851803"
        }
      },
      "targets": [
        {
          "Library": {
            "crate_name": "generic_array",
            "crate_root": "src/lib.rs",
            "srcs": {
              "include": [
                "**/*.rs"
              ],
              "exclude": []
            }
          }
        },
        {
          "BuildScript": {
            "crate_name": "build_script_build",
            "crate_root": "build.rs",
            "srcs": {
              "include": [
                "**/*.rs"
              ],
              "exclude": []
            }
          }
        }
      ],
      "library_target_name": "generic_array",
      "common_attrs": {
        "compile_data_glob": [
          "**"
        ],
        "crate_features": [
          "more_lengths"
        ],
        "deps": {
          "common": [
            {
              "id": "generic-array 0.14.5",
              "target": "build_script_build"
            },
            {
              "id": "typenum 1.15.0",
              "target": "typenum"
            }
          ],
          "selects": {}
        },
        "edition": "2015",
        "version": "0.14.5"
      },
      "build_script_attrs": {
        "data_glob": [
          "**"
        ],
        "deps": {
          "common": [
            {
              "id": "version_check 0.9.4",
              "target": "version_check"
            }
          ],
          "selects": {}
        }
      },
      "license": "MIT"
    },
    "libc 0.2.126": {
      "name": "libc",
      "version": "0.2.126",
      "repository": {
        "Http": {
          "url": "https://crates.io/api/v1/crates/libc/0.2.126/download",
          "sha256": "349d5a591cd28b49e1d1037471617a32ddcda5731b99419008085f72d5a53836"
        }
      },
      "targets": [
        {
          "Library": {
            "crate_name": "libc",
            "crate_root": "src/lib.rs",
            "srcs": {
              "include": [
                "**/*.rs"
              ],
              "exclude": []
            }
          }
        },
        {
          "BuildScript": {
            "crate_name": "build_script_build",
            "crate_root": "build.rs",
            "srcs": {
              "include": [
                "**/*.rs"
              ],
              "exclude": []
            }
          }
        }
      ],
      "library_target_name": "libc",
      "common_attrs": {
        "compile_data_glob": [
          "**"
        ],
        "crate_features": [
          "default",
          "std"
        ],
        "deps": {
          "common": [
            {
              "id": "libc 0.2.126",
              "target": "build_script_build"
            }
          ],
          "selects": {}
        },
        "edition": "2015",
        "version": "0.2.126"
      },
      "build_script_attrs": {
        "data_glob": [
          "**"
        ]
      },
      "license": "MIT OR Apache-2.0"
    },
    "log 0.4.17": {
      "name": "log",
      "version": "0.4.17",
      "repository": {
        "Http": {
          "url": "https://crates.io/api/v1/crates/log/0.4.17/download",
          "sha256": "abb12e687cfb44aa40f41fc3978ef76448f9b6038cad6aef4259d3c095a2382e"
        }
      },
      "targets": [
        {
          "Library": {
            "crate_name": "log",
            "crate_root": "src/lib.rs",
            "srcs": {
              "include": [
                "**/*.rs"
              ],
              "exclude": []
            }
          }
        },
        {
          "BuildScript": {
            "crate_name": "build_script_build",
            "crate_root": "build.rs",
            "srcs": {
              "include": [
                "**/*.rs"
              ],
              "exclude": []
            }
          }
        }
      ],
      "library_target_name": "log",
      "common_attrs": {
        "compile_data_glob": [
          "**"
        ],
        "deps": {
          "common": [
            {
              "id": "cfg-if 1.0.0",
              "target": "cfg_if"
            },
            {
              "id": "log 0.4.17",
              "target": "build_script_build"
            }
          ],
          "selects": {}
        },
        "edition": "2015",
        "version": "0.4.17"
      },
      "build_script_attrs": {
        "data_glob": [
          "**"
        ]
      },
      "license": "MIT OR Apache-2.0"
    },
    "paste 1.0.7": {
      "name": "paste",
      "version": "1.0.7",
      "repository": {
        "Http": {
          "url": "https://crates.io/api/v1/crates/paste/1.0.7/download",
          "sha256": "0c520e05135d6e763148b6426a837e239041653ba7becd2e538c076c738025fc"
        }
      },
      "targets": [
        {
          "ProcMacro": {
            "crate_name": "paste",
            "crate_root": "src/lib.rs",
            "srcs": {
              "include": [
                "**/*.rs"
              ],
              "exclude": []
            }
          }
        }
      ],
      "library_target_name": "paste",
      "common_attrs": {
        "compile_data_glob": [
          "**"
        ],
        "edition": "2018",
        "version": "1.0.7"
      },
      "license": "MIT OR Apache-2.0"
    },
    "proc-macro2 1.0.40": {
      "name": "proc-macro2",
      "version": "1.0.40",
      "repository": {
        "Http": {
          "url": "https://crates.io/api/v1/crates/proc-macro2/1.0.40/download",
          "sha256": "dd96a1e8ed2596c337f8eae5f24924ec83f5ad5ab21ea8e455d3566c69fbcaf7"
        }
      },
      "targets": [
        {
          "Library": {
            "crate_name": "proc_macro2",
            "crate_root": "src/lib.rs",
            "srcs": {
              "include": [
                "**/*.rs"
              ],
              "exclude": []
            }
          }
        },
        {
          "BuildScript": {
            "crate_name": "build_script_build",
            "crate_root": "build.rs",
            "srcs": {
              "include": [
                "**/*.rs"
              ],
              "exclude": []
            }
          }
        }
      ],
      "library_target_name": "proc_macro2",
      "common_attrs": {
        "compile_data_glob": [
          "**"
        ],
        "crate_features": [
          "default",
          "proc-macro"
        ],
        "deps": {
          "common": [
            {
              "id": "proc-macro2 1.0.40",
              "target": "build_script_build"
            },
            {
              "id": "unicode-ident 1.0.1",
              "target": "unicode_ident"
            }
          ],
          "selects": {}
        },
        "edition": "2018",
        "version": "1.0.40"
      },
      "build_script_attrs": {
        "data_glob": [
          "**"
        ]
      },
      "license": "MIT OR Apache-2.0"
    },
    "quote 1.0.20": {
      "name": "quote",
      "version": "1.0.20",
      "repository": {
        "Http": {
          "url": "https://crates.io/api/v1/crates/quote/1.0.20/download",
          "sha256": "3bcdf212e9776fbcb2d23ab029360416bb1706b1aea2d1a5ba002727cbcab804"
        }
      },
      "targets": [
        {
          "Library": {
            "crate_name": "quote",
            "crate_root": "src/lib.rs",
            "srcs": {
              "include": [
                "**/*.rs"
              ],
              "exclude": []
            }
          }
        },
        {
          "BuildScript": {
            "crate_name": "build_script_build",
            "crate_root": "build.rs",
            "srcs": {
              "include": [
                "**/*.rs"
              ],
              "exclude": []
            }
          }
        }
      ],
      "library_target_name": "quote",
      "common_attrs": {
        "compile_data_glob": [
          "**"
        ],
        "crate_features": [
          "default",
          "proc-macro"
        ],
        "deps": {
          "common": [
            {
              "id": "proc-macro2 1.0.40",
              "target": "proc_macro2"
            },
            {
              "id": "quote 1.0.20",
              "target": "build_script_build"
            }
          ],
          "selects": {}
        },
        "edition": "2018",
        "version": "1.0.20"
      },
      "build_script_attrs": {
        "data_glob": [
          "**"
        ]
      },
      "license": "MIT OR Apache-2.0"
    },
    "rand 0.8.5": {
      "name": "rand",
      "version": "0.8.5",
      "repository": {
        "Http": {
          "url": "https://crates.io/api/v1/crates/rand/0.8.5/download",
          "sha256": "34af8d1a0e25924bc5b7c43c079c942339d8f0a8b57c39049bef581b46327404"
        }
      },
      "targets": [
        {
          "Library": {
            "crate_name": "rand",
            "crate_root": "src/lib.rs",
            "srcs": {
              "include": [
                "**/*.rs"
              ],
              "exclude": []
            }
          }
        }
      ],
      "library_target_name": "rand",
      "common_attrs": {
        "compile_data_glob": [
          "**"
        ],
        "crate_features": [
          "small_rng"
        ],
        "deps": {
          "common": [
            {
              "id": "rand_core 0.6.3",
              "target": "rand_core"
            }
          ],
          "selects": {}
        },
        "edition": "2018",
        "version": "0.8.5"
      },
      "license": "MIT OR Apache-2.0"
    },
    "rand_core 0.6.3": {
      "name": "rand_core",
      "version": "0.6.3",
      "repository": {
        "Http": {
          "url": "https://crates.io/api/v1/crates/rand_core/0.6.3/download",
          "sha256": "d34f1408f55294453790c48b2f1ebbb1c5b4b7563eb1f418bcfcfdbb06ebb4e7"
        }
      },
      "targets": [
        {
          "Library": {
            "crate_name": "rand_core",
            "crate_root": "src/lib.rs",
            "srcs": {
              "include": [
                "**/*.rs"
              ],
              "exclude": []
            }
          }
        }
      ],
      "library_target_name": "rand_core",
      "common_attrs": {
        "compile_data_glob": [
          "**"
        ],
        "edition": "2018",
        "version": "0.6.3"
      },
      "license": "MIT OR Apache-2.0"
    },
    "serde 1.0.138": {
      "name": "serde",
      "version": "1.0.138",
      "repository": {
        "Http": {
          "url": "https://crates.io/api/v1/crates/serde/1.0.138/download",
          "sha256": "1578c6245786b9d168c5447eeacfb96856573ca56c9d68fdcf394be134882a47"
        }
      },
      "targets": [
        {
          "Library": {
            "crate_name": "serde",
            "crate_root": "src/lib.rs",
            "srcs": {
              "include": [
                "**/*.rs"
              ],
              "exclude": []
            }
          }
        },
        {
          "BuildScript": {
            "crate_name": "build_script_build",
            "crate_root": "build.rs",
            "srcs": {
              "include": [
                "**/*.rs"
              ],
              "exclude": []
            }
          }
        }
      ],
      "library_target_name": "serde",
      "common_attrs": {
        "compile_data_glob": [
          "**"
        ],
        "crate_features": [
          "alloc",
          "derive",
          "serde_derive"
        ],
        "deps": {
          "common": [
            {
              "id": "serde 1.0.138",
              "target": "build_script_build"
            }
          ],
          "selects": {}
        },
        "edition": "2015",
        "proc_macro_deps": {
          "common": [
            {
              "id": "serde_derive 1.0.138",
              "target": "serde_derive"
            }
          ],
          "selects": {}
        },
        "version": "1.0.138"
      },
      "build_script_attrs": {
        "data_glob": [
          "**"
        ]
      },
      "license": "MIT OR Apache-2.0"
    },
    "serde_derive 1.0.138": {
      "name": "serde_derive",
      "version": "1.0.138",
      "repository": {
        "Http": {
          "url": "https://crates.io/api/v1/crates/serde_derive/1.0.138/download",
          "sha256": "023e9b1467aef8a10fb88f25611870ada9800ef7e22afce356bb0d2387b6f27c"
        }
      },
      "targets": [
        {
          "ProcMacro": {
            "crate_name": "serde_derive",
            "crate_root": "src/lib.rs",
            "srcs": {
              "include": [
                "**/*.rs"
              ],
              "exclude": []
            }
          }
        },
        {
          "BuildScript": {
            "crate_name": "build_script_build",
            "crate_root": "build.rs",
            "srcs": {
              "include": [
                "**/*.rs"
              ],
              "exclude": []
            }
          }
        }
      ],
      "library_target_name": "serde_derive",
      "common_attrs": {
        "compile_data_glob": [
          "**"
        ],
        "crate_features": [
          "default"
        ],
        "deps": {
          "common": [
            {
              "id": "proc-macro2 1.0.40",
              "target": "proc_macro2"
            },
            {
              "id": "quote 1.0.20",
              "target": "quote"
            },
            {
              "id": "serde_derive 1.0.138",
              "target": "build_script_build"
            },
            {
              "id": "syn 1.0.98",
              "target": "syn"
            }
          ],
          "selects": {}
        },
        "edition": "2015",
        "version": "1.0.138"
      },
      "build_script_attrs": {
        "data_glob": [
          "**"
        ]
      },
      "license": "MIT OR Apache-2.0"
    },
    "sha2 0.10.2": {
      "name": "sha2",
      "version": "0.10.2",
      "repository": {
        "Http": {
          "url": "https://crates.io/api/v1/crates/sha2/0.10.2/download",
          "sha256": "55deaec60f81eefe3cce0dc50bda92d6d8e88f2a27df7c5033b42afeb1ed2676"
        }
      },
      "targets": [
        {
          "Library": {
            "crate_name": "sha2",
            "crate_root": "src/lib.rs",
            "srcs": {
              "include": [
                "**/*.rs"
              ],
              "exclude": []
            }
          }
        }
      ],
      "library_target_name": "sha2",
      "common_attrs": {
        "compile_data_glob": [
          "**"
        ],
        "crate_features": [
          "compress"
        ],
        "deps": {
          "common": [
            {
              "id": "cfg-if 1.0.0",
              "target": "cfg_if"
            },
            {
              "id": "digest 0.10.3",
              "target": "digest"
            }
          ],
          "selects": {
            "cfg(any(target_arch = \"aarch64\", target_arch = \"x86_64\", target_arch = \"x86\"))": [
              {
                "id": "cpufeatures 0.2.2",
                "target": "cpufeatures"
              }
            ]
          }
        },
        "edition": "2018",
        "version": "0.10.2"
      },
      "license": "MIT OR Apache-2.0"
    },
    "syn 1.0.98": {
      "name": "syn",
      "version": "1.0.98",
      "repository": {
        "Http": {
          "url": "https://crates.io/api/v1/crates/syn/1.0.98/download",
          "sha256": "c50aef8a904de4c23c788f104b7dddc7d6f79c647c7c8ce4cc8f73eb0ca773dd"
        }
      },
      "targets": [
        {
          "Library": {
            "crate_name": "syn",
            "crate_root": "src/lib.rs",
            "srcs": {
              "include": [
                "**/*.rs"
              ],
              "exclude": []
            }
          }
        },
        {
          "BuildScript": {
            "crate_name": "build_script_build",
            "crate_root": "build.rs",
            "srcs": {
              "include": [
                "**/*.rs"
              ],
              "exclude": []
            }
          }
        }
      ],
      "library_target_name": "syn",
      "common_attrs": {
        "compile_data_glob": [
          "**"
        ],
        "crate_features": [
          "clone-impls",
          "default",
          "derive",
          "parsing",
          "printing",
          "proc-macro",
          "quote"
        ],
        "deps": {
          "common": [
            {
              "id": "proc-macro2 1.0.40",
              "target": "proc_macro2"
            },
            {
              "id": "quote 1.0.20",
              "target": "quote"
            },
            {
              "id": "syn 1.0.98",
              "target": "build_script_build"
            },
            {
              "id": "unicode-ident 1.0.1",
              "target": "unicode_ident"
            }
          ],
          "selects": {}
        },
        "edition": "2018",
        "version": "1.0.98"
      },
      "build_script_attrs": {
        "data_glob": [
          "**"
        ]
      },
      "license": "MIT OR Apache-2.0"
    },
    "typenum 1.15.0": {
      "name": "typenum",
      "version": "1.15.0",
      "repository": {
        "Http": {
          "url": "https://crates.io/api/v1/crates/typenum/1.15.0/download",
          "sha256": "dcf81ac59edc17cc8697ff311e8f5ef2d99fcbd9817b34cec66f90b6c3dfd987"
        }
      },
      "targets": [
        {
          "Library": {
            "crate_name": "typenum",
            "crate_root": "src/lib.rs",
            "srcs": {
              "include": [
                "**/*.rs"
              ],
              "exclude": []
            }
          }
        },
        {
          "BuildScript": {
            "crate_name": "build_script_main",
            "crate_root": "build/main.rs",
            "srcs": {
              "include": [
                "**/*.rs"
              ],
              "exclude": []
            }
          }
        }
      ],
      "library_target_name": "typenum",
      "common_attrs": {
        "compile_data_glob": [
          "**"
        ],
        "deps": {
          "common": [
            {
              "id": "typenum 1.15.0",
              "target": "build_script_main"
            }
          ],
          "selects": {}
        },
        "edition": "2018",
        "version": "1.15.0"
      },
      "build_script_attrs": {
        "data_glob": [
          "**"
        ]
      },
      "license": "MIT OR Apache-2.0"
    },
    "unicode-ident 1.0.1": {
      "name": "unicode-ident",
      "version": "1.0.1",
      "repository": {
        "Http": {
          "url": "https://crates.io/api/v1/crates/unicode-ident/1.0.1/download",
          "sha256": "5bd2fe26506023ed7b5e1e315add59d6f584c621d037f9368fea9cfb988f368c"
        }
      },
      "targets": [
        {
          "Library": {
            "crate_name": "unicode_ident",
            "crate_root": "src/lib.rs",
            "srcs": {
              "include": [
                "**/*.rs"
              ],
              "exclude": []
            }
          }
        }
      ],
      "library_target_name": "unicode_ident",
      "common_attrs": {
        "compile_data_glob": [
          "**"
        ],
        "edition": "2018",
        "version": "1.0.1"
      },
      "license": "MIT OR Apache-2.0"
    },
    "version_check 0.9.4": {
      "name": "version_check",
      "version": "0.9.4",
      "repository": {
        "Http": {
          "url": "https://crates.io/api/v1/crates/version_check/0.9.4/download",
          "sha256": "49874b5167b65d7193b8aba1567f5c7d93d001cafc34600cee003eda787e483f"
        }
      },
      "targets": [
        {
          "Library": {
            "crate_name": "version_check",
            "crate_root": "src/lib.rs",
            "srcs": {
              "include": [
                "**/*.rs"
              ],
              "exclude": []
            }
          }
        }
      ],
      "library_target_name": "version_check",
      "common_attrs": {
        "compile_data_glob": [
          "**"
        ],
        "edition": "2015",
        "version": "0.9.4"
      },
      "license": "MIT/Apache-2.0"
    }
  },
  "binary_crates": [],
  "workspace_members": {
    "direct-cargo-bazel-deps 0.0.1": ""
  },
  "conditions": {
    "aarch64-apple-darwin": [
      "aarch64-apple-darwin"
    ],
    "aarch64-linux-android": [
      "aarch64-linux-android"
    ],
    "cfg(all(target_arch = \"aarch64\", target_os = \"linux\"))": [
      "aarch64-unknown-linux-gnu"
    ],
    "cfg(any(target_arch = \"aarch64\", target_arch = \"x86_64\", target_arch = \"x86\"))": [
      "aarch64-apple-darwin",
      "aarch64-apple-ios",
      "aarch64-linux-android",
      "aarch64-unknown-linux-gnu",
      "i686-apple-darwin",
      "i686-linux-android",
      "i686-pc-windows-msvc",
      "i686-unknown-freebsd",
      "i686-unknown-linux-gnu",
      "x86_64-apple-darwin",
      "x86_64-apple-ios",
      "x86_64-linux-android",
      "x86_64-pc-windows-msvc",
      "x86_64-unknown-freebsd",
      "x86_64-unknown-linux-gnu"
    ]
  }
}
