{
  "checksum": "b779fbe4d35c136fa67f6605697455e08c8ded7577fa9452949b5c5ceccf1270",
  "crates": {
    "direct-cargo-bazel-deps 0.0.1": {
      "name": "direct-cargo-bazel-deps",
      "version": "0.0.1",
      "repository": null,
      "targets": [
        {
          "Library": {
            "crate_name": "direct_cargo_bazel_deps",
            "crate_root": ".direct_cargo_bazel_deps.rs",
            "srcs": {
              "include": [
                "**/*.rs"
              ],
              "exclude": []
            }
          }
        }
      ],
      "library_target_name": "direct_cargo_bazel_deps",
      "common_attrs": {
        "compile_data_glob": [
          "**"
        ],
        "deps": {
          "common": [
            {
              "id": "serde 1.0.136",
              "target": "serde"
            }
          ],
          "selects": {}
        },
        "edition": "2018",
        "version": "0.0.1"
      },
      "license": null
    },
    "proc-macro2 1.0.37": {
      "name": "proc-macro2",
      "version": "1.0.37",
      "repository": {
        "Http": {
          "url": "https://crates.io/api/v1/crates/proc-macro2/1.0.37/download",
          "sha256": "ec757218438d5fda206afc041538b2f6d889286160d649a86a24d37e1235afd1"
        }
      },
      "targets": [
        {
          "Library": {
            "crate_name": "proc_macro2",
            "crate_root": "src/lib.rs",
            "srcs": {
              "include": [
                "**/*.rs"
              ],
              "exclude": []
            }
          }
        },
        {
          "BuildScript": {
            "crate_name": "build_script_build",
            "crate_root": "build.rs",
            "srcs": {
              "include": [
                "**/*.rs"
              ],
              "exclude": []
            }
          }
        }
      ],
      "library_target_name": "proc_macro2",
      "common_attrs": {
        "compile_data_glob": [
          "**"
        ],
        "crate_features": [
          "default",
          "proc-macro"
        ],
        "deps": {
          "common": [
            {
              "id": "proc-macro2 1.0.37",
              "target": "build_script_build"
            },
            {
              "id": "unicode-xid 0.2.2",
              "target": "unicode_xid"
            }
          ],
          "selects": {}
        },
        "edition": "2018",
        "version": "1.0.37"
      },
      "build_script_attrs": {
        "data_glob": [
          "**"
        ]
      },
      "license": "MIT OR Apache-2.0"
    },
    "quote 1.0.18": {
      "name": "quote",
      "version": "1.0.18",
      "repository": {
        "Http": {
          "url": "https://crates.io/api/v1/crates/quote/1.0.18/download",
          "sha256": "a1feb54ed693b93a84e14094943b84b7c4eae204c512b7ccb95ab0c66d278ad1"
        }
      },
      "targets": [
        {
          "Library": {
            "crate_name": "quote",
            "crate_root": "src/lib.rs",
            "srcs": {
              "include": [
                "**/*.rs"
              ],
              "exclude": []
            }
          }
        }
      ],
      "library_target_name": "quote",
      "common_attrs": {
        "compile_data_glob": [
          "**"
        ],
        "crate_features": [
          "default",
          "proc-macro"
        ],
        "deps": {
          "common": [
            {
              "id": "proc-macro2 1.0.37",
              "target": "proc_macro2"
            }
          ],
          "selects": {}
        },
        "edition": "2018",
        "version": "1.0.18"
      },
      "license": "MIT OR Apache-2.0"
    },
    "serde 1.0.136": {
      "name": "serde",
      "version": "1.0.136",
      "repository": {
        "Http": {
          "url": "https://crates.io/api/v1/crates/serde/1.0.136/download",
          "sha256": "ce31e24b01e1e524df96f1c2fdd054405f8d7376249a5110886fb4b658484789"
        }
      },
      "targets": [
        {
          "Library": {
            "crate_name": "serde",
            "crate_root": "src/lib.rs",
            "srcs": {
              "include": [
                "**/*.rs"
              ],
              "exclude": []
            }
          }
        },
        {
          "BuildScript": {
            "crate_name": "build_script_build",
            "crate_root": "build.rs",
            "srcs": {
              "include": [
                "**/*.rs"
              ],
              "exclude": []
            }
          }
        }
      ],
      "library_target_name": "serde",
      "common_attrs": {
        "compile_data_glob": [
          "**"
        ],
        "crate_features": [
          "alloc",
          "derive",
          "serde_derive"
        ],
        "deps": {
          "common": [
            {
              "id": "serde 1.0.136",
              "target": "build_script_build"
            }
          ],
          "selects": {}
        },
        "edition": "2015",
        "proc_macro_deps": {
          "common": [
            {
              "id": "serde_derive 1.0.136",
              "target": "serde_derive"
            }
          ],
          "selects": {}
        },
        "version": "1.0.136"
      },
      "build_script_attrs": {
        "data_glob": [
          "**"
        ]
      },
      "license": "MIT OR Apache-2.0"
    },
    "serde_derive 1.0.136": {
      "name": "serde_derive",
      "version": "1.0.136",
      "repository": {
        "Http": {
          "url": "https://crates.io/api/v1/crates/serde_derive/1.0.136/download",
          "sha256": "08597e7152fcd306f41838ed3e37be9eaeed2b61c42e2117266a554fab4662f9"
        }
      },
      "targets": [
        {
          "ProcMacro": {
            "crate_name": "serde_derive",
            "crate_root": "src/lib.rs",
            "srcs": {
              "include": [
                "**/*.rs"
              ],
              "exclude": []
            }
          }
        },
        {
          "BuildScript": {
            "crate_name": "build_script_build",
            "crate_root": "build.rs",
            "srcs": {
              "include": [
                "**/*.rs"
              ],
              "exclude": []
            }
          }
        }
      ],
      "library_target_name": "serde_derive",
      "common_attrs": {
        "compile_data_glob": [
          "**"
        ],
        "crate_features": [
          "default"
        ],
        "deps": {
          "common": [
            {
              "id": "proc-macro2 1.0.37",
              "target": "proc_macro2"
            },
            {
              "id": "quote 1.0.18",
              "target": "quote"
            },
            {
              "id": "serde_derive 1.0.136",
              "target": "build_script_build"
            },
            {
              "id": "syn 1.0.91",
              "target": "syn"
            }
          ],
          "selects": {}
        },
        "edition": "2015",
        "version": "1.0.136"
      },
      "build_script_attrs": {
        "data_glob": [
          "**"
        ]
      },
      "license": "MIT OR Apache-2.0"
    },
    "syn 1.0.91": {
      "name": "syn",
      "version": "1.0.91",
      "repository": {
        "Http": {
          "url": "https://crates.io/api/v1/crates/syn/1.0.91/download",
          "sha256": "b683b2b825c8eef438b77c36a06dc262294da3d5a5813fac20da149241dcd44d"
        }
      },
      "targets": [
        {
          "Library": {
            "crate_name": "syn",
            "crate_root": "src/lib.rs",
            "srcs": {
              "include": [
                "**/*.rs"
              ],
              "exclude": []
            }
          }
        },
        {
          "BuildScript": {
            "crate_name": "build_script_build",
            "crate_root": "build.rs",
            "srcs": {
              "include": [
                "**/*.rs"
              ],
              "exclude": []
            }
          }
        }
      ],
      "library_target_name": "syn",
      "common_attrs": {
        "compile_data_glob": [
          "**"
        ],
        "crate_features": [
          "clone-impls",
          "default",
          "derive",
          "parsing",
          "printing",
          "proc-macro",
          "quote"
        ],
        "deps": {
          "common": [
            {
              "id": "proc-macro2 1.0.37",
              "target": "proc_macro2"
            },
            {
              "id": "quote 1.0.18",
              "target": "quote"
            },
            {
              "id": "syn 1.0.91",
              "target": "build_script_build"
            },
            {
              "id": "unicode-xid 0.2.2",
              "target": "unicode_xid"
            }
          ],
          "selects": {}
        },
        "edition": "2018",
        "version": "1.0.91"
      },
      "build_script_attrs": {
        "data_glob": [
          "**"
        ]
      },
      "license": "MIT OR Apache-2.0"
    },
    "unicode-xid 0.2.2": {
      "name": "unicode-xid",
      "version": "0.2.2",
      "repository": {
        "Http": {
          "url": "https://crates.io/api/v1/crates/unicode-xid/0.2.2/download",
          "sha256": "8ccb82d61f80a663efe1f787a51b16b5a51e3314d6ac365b08639f52387b33f3"
        }
      },
      "targets": [
        {
          "Library": {
            "crate_name": "unicode_xid",
            "crate_root": "src/lib.rs",
            "srcs": {
              "include": [
                "**/*.rs"
              ],
              "exclude": []
            }
          }
        }
      ],
      "library_target_name": "unicode_xid",
      "common_attrs": {
        "compile_data_glob": [
          "**"
        ],
        "crate_features": [
          "default"
        ],
        "edition": "2015",
        "version": "0.2.2"
      },
      "license": "MIT OR Apache-2.0"
    }
  },
  "binary_crates": [],
  "workspace_members": {
    "direct-cargo-bazel-deps 0.0.1": ""
  },
  "conditions": {}
}
