[versions]
bonsai-sdk = "1.4.0"
cargo-risczero = "2.3.0"
risc0-bigint2 = "1.4.5"
risc0-binfmt = "2.0.2"
risc0-build = "2.3.0"
risc0-build-kernel = "2.0.0"
risc0-circuit-keccak = "3.0.0"
risc0-circuit-keccak-sys = "3.0.0"
risc0-circuit-recursion = "3.0.0"
risc0-circuit-recursion-sys = "3.0.0"
risc0-circuit-rv32im = "3.0.0"
risc0-circuit-rv32im-sys = "3.0.0"
risc0-core = "2.0.0"
risc0-groth16 = "2.0.2"
risc0-r0vm = "2.3.0"
risc0-sys = "1.4.0"
risc0-zkos-v1compat = "2.0.1"
risc0-zkp = "2.0.2"
risc0-zkvm = "2.3.0"
risc0-zkvm-platform = "2.0.3"
rzup = "0.4.1"
