[versions]
bonsai-sdk = "1.4.1"
cargo-risczero = "3.0.4"
risc0-bigint2 = "1.4.11"
risc0-binfmt = "3.0.3"
risc0-build = "3.0.4"
risc0-build-kernel = "2.0.1"
risc0-circuit-keccak = "4.0.3"
risc0-circuit-keccak-sys = "4.0.1"
risc0-circuit-recursion = "4.0.3"
risc0-circuit-recursion-sys = "4.0.1"
risc0-circuit-rv32im = "4.0.3"
risc0-circuit-rv32im-sys = "4.0.1"
risc0-core = "3.0.0"
risc0-groth16 = "3.0.3"
risc0-groth16-sys = "0.1.0"
risc0-povw = "0.4.1"
risc0-r0vm = "3.0.4"
risc0-sys = "1.5.0"
risc0-zkos-v1compat = "2.2.1"
risc0-zkp = "3.0.3"
risc0-zkvm = "3.0.4"
risc0-zkvm-platform = "2.2.1"
rzup = "0.5.1"
